
Microsoft Visual Studio Solution File, Format Version 12.00
# Visual Studio Version 17
VisualStudioVersion = 17.0.31903.59
MinimumVisualStudioVersion = 10.0.40219.1
Project("{FAE04EC0-301F-11D3-BF4B-00C04F79EFBC}") = "DatabaseBasics", "DatabaseBasics.csproj", "{C639E5A6-27EF-45C0-97CC-ED99E0F61ED6}"
EndProject
Global
	GlobalSection(SolutionConfigurationPlatforms) = preSolution
		Debug|Any CPU = Debug|Any CPU
		Release|Any CPU = Release|Any CPU
	EndGlobalSection
	GlobalSection(ProjectConfigurationPlatforms) = postSolution
		{C639E5A6-27EF-45C0-97CC-ED99E0F61ED6}.Debug|Any CPU.ActiveCfg = Debug|Any CPU
		{C639E5A6-27EF-45C0-97CC-ED99E0F61ED6}.Debug|Any CPU.Build.0 = Debug|Any CPU
		{C639E5A6-27EF-45C0-97CC-ED99E0F61ED6}.Release|Any CPU.ActiveCfg = Release|Any CPU
		{C639E5A6-27EF-45C0-97CC-ED99E0F61ED6}.Release|Any CPU.Build.0 = Release|Any CPU
	EndGlobalSection
	GlobalSection(SolutionProperties) = preSolution
		HideSolutionNode = FALSE
	EndGlobalSection
	GlobalSection(ExtensibilityGlobals) = postSolution
		SolutionGuid = {A9355ADD-ED2A-45A5-BB62-8EA197CB584F}
	EndGlobalSection
EndGlobal
